
Microsoft Visual Studio Solution File, Format Version 12.00
# Visual Studio 14
VisualStudioVersion = 14.0.25420.1
MinimumVisualStudioVersion = 10.0.40219.1
Project("{FAE04EC0-301F-11D3-BF4B-00C04F79EFBC}") = "BoostTestAdapter", "BoostTestAdapter\BoostTestAdapter.csproj", "{BC4B3BED-9241-4DD6-8070-A9B66DFC08C1}"
	ProjectSection(ProjectDependencies) = postProject
		{EB0051E3-1DDA-418C-ABAF-C1DA5339114C} = {EB0051E3-1DDA-418C-ABAF-C1DA5339114C}
	EndProjectSection
EndProject
Project("{FAE04EC0-301F-11D3-BF4B-00C04F79EFBC}") = "BoostTestPlugin", "BoostTestPlugin\BoostTestPlugin.csproj", "{7918D2BE-590C-4F1B-9A72-9F1CE4640AA9}"
EndProject
Project("{FAE04EC0-301F-11D3-BF4B-00C04F79EFBC}") = "VisualStudioAdapter", "VisualStudioAdapter\VisualStudioAdapter.csproj", "{62347CC7-C839-413D-A7CE-598409F6F15B}"
EndProject
Project("{FAE04EC0-301F-11D3-BF4B-00C04F79EFBC}") = "VisualStudio2015Adapter", "VisualStudio2015Adapter\VisualStudio2015Adapter.csproj", "{EB0051E3-1DDA-418C-ABAF-C1DA5339114C}"
EndProject
Project("{FAE04EC0-301F-11D3-BF4B-00C04F79EFBC}") = "BoostTestAdapterNunit", "BoostTestAdapterNunit\BoostTestAdapterNunit.csproj", "{FE58A67C-D313-46FD-B8F3-F80383EE5FD1}"
	ProjectSection(ProjectDependencies) = postProject
		{488AE1CE-107D-4F5B-9F1F-ED7905D5CE75} = {488AE1CE-107D-4F5B-9F1F-ED7905D5CE75}
	EndProjectSection
EndProject
Project("{FAE04EC0-301F-11D3-BF4B-00C04F79EFBC}") = "VisualStudioAdapterNunit", "VisualStudioAdapterNunit\VisualStudioAdapterNunit.csproj", "{AEF4B552-D8E3-4626-80AE-6713B0B6F4AA}"
EndProject
Project("{FAE04EC0-301F-11D3-BF4B-00C04F79EFBC}") = "Antlr.DOT", "Antlr.DOT\Antlr.DOT.csproj", "{488AE1CE-107D-4F5B-9F1F-ED7905D5CE75}"
EndProject
Global
	GlobalSection(SolutionConfigurationPlatforms) = preSolution
		Debug|Any CPU = Debug|Any CPU
		Debug|x64 = Debug|x64
		Debug|x86 = Debug|x86
		Release|Any CPU = Release|Any CPU
		Release|x64 = Release|x64
		Release|x86 = Release|x86
	EndGlobalSection
	GlobalSection(ProjectConfigurationPlatforms) = postSolution
		{BC4B3BED-9241-4DD6-8070-A9B66DFC08C1}.Debug|Any CPU.ActiveCfg = Debug|Any CPU
		{BC4B3BED-9241-4DD6-8070-A9B66DFC08C1}.Debug|Any CPU.Build.0 = Debug|Any CPU
		{BC4B3BED-9241-4DD6-8070-A9B66DFC08C1}.Debug|x64.ActiveCfg = Debug|Any CPU
		{BC4B3BED-9241-4DD6-8070-A9B66DFC08C1}.Debug|x64.Build.0 = Debug|Any CPU
		{BC4B3BED-9241-4DD6-8070-A9B66DFC08C1}.Debug|x86.ActiveCfg = Debug|Any CPU
		{BC4B3BED-9241-4DD6-8070-A9B66DFC08C1}.Debug|x86.Build.0 = Debug|Any CPU
		{BC4B3BED-9241-4DD6-8070-A9B66DFC08C1}.Release|Any CPU.ActiveCfg = Release|Any CPU
		{BC4B3BED-9241-4DD6-8070-A9B66DFC08C1}.Release|Any CPU.Build.0 = Release|Any CPU
		{BC4B3BED-9241-4DD6-8070-A9B66DFC08C1}.Release|x64.ActiveCfg = Release|Any CPU
		{BC4B3BED-9241-4DD6-8070-A9B66DFC08C1}.Release|x64.Build.0 = Release|Any CPU
		{BC4B3BED-9241-4DD6-8070-A9B66DFC08C1}.Release|x86.ActiveCfg = Release|Any CPU
		{BC4B3BED-9241-4DD6-8070-A9B66DFC08C1}.Release|x86.Build.0 = Release|Any CPU
		{7918D2BE-590C-4F1B-9A72-9F1CE4640AA9}.Debug|Any CPU.ActiveCfg = Debug|Any CPU
		{7918D2BE-590C-4F1B-9A72-9F1CE4640AA9}.Debug|Any CPU.Build.0 = Debug|Any CPU
		{7918D2BE-590C-4F1B-9A72-9F1CE4640AA9}.Debug|x64.ActiveCfg = Debug|Any CPU
		{7918D2BE-590C-4F1B-9A72-9F1CE4640AA9}.Debug|x64.Build.0 = Debug|Any CPU
		{7918D2BE-590C-4F1B-9A72-9F1CE4640AA9}.Debug|x86.ActiveCfg = Debug|Any CPU
		{7918D2BE-590C-4F1B-9A72-9F1CE4640AA9}.Debug|x86.Build.0 = Debug|Any CPU
		{7918D2BE-590C-4F1B-9A72-9F1CE4640AA9}.Release|Any CPU.ActiveCfg = Release|Any CPU
		{7918D2BE-590C-4F1B-9A72-9F1CE4640AA9}.Release|Any CPU.Build.0 = Release|Any CPU
		{7918D2BE-590C-4F1B-9A72-9F1CE4640AA9}.Release|x64.ActiveCfg = Release|Any CPU
		{7918D2BE-590C-4F1B-9A72-9F1CE4640AA9}.Release|x64.Build.0 = Release|Any CPU
		{7918D2BE-590C-4F1B-9A72-9F1CE4640AA9}.Release|x86.ActiveCfg = Release|Any CPU
		{7918D2BE-590C-4F1B-9A72-9F1CE4640AA9}.Release|x86.Build.0 = Release|Any CPU
		{62347CC7-C839-413D-A7CE-598409F6F15B}.Debug|Any CPU.ActiveCfg = Debug|Any CPU
		{62347CC7-C839-413D-A7CE-598409F6F15B}.Debug|Any CPU.Build.0 = Debug|Any CPU
		{62347CC7-C839-413D-A7CE-598409F6F15B}.Debug|x64.ActiveCfg = Debug|Any CPU
		{62347CC7-C839-413D-A7CE-598409F6F15B}.Debug|x64.Build.0 = Debug|Any CPU
		{62347CC7-C839-413D-A7CE-598409F6F15B}.Debug|x86.ActiveCfg = Debug|Any CPU
		{62347CC7-C839-413D-A7CE-598409F6F15B}.Debug|x86.Build.0 = Debug|Any CPU
		{62347CC7-C839-413D-A7CE-598409F6F15B}.Release|Any CPU.ActiveCfg = Release|Any CPU
		{62347CC7-C839-413D-A7CE-598409F6F15B}.Release|Any CPU.Build.0 = Release|Any CPU
		{62347CC7-C839-413D-A7CE-598409F6F15B}.Release|x64.ActiveCfg = Release|Any CPU
		{62347CC7-C839-413D-A7CE-598409F6F15B}.Release|x64.Build.0 = Release|Any CPU
		{62347CC7-C839-413D-A7CE-598409F6F15B}.Release|x86.ActiveCfg = Release|Any CPU
		{62347CC7-C839-413D-A7CE-598409F6F15B}.Release|x86.Build.0 = Release|Any CPU
		{EB0051E3-1DDA-418C-ABAF-C1DA5339114C}.Debug|Any CPU.ActiveCfg = Debug|Any CPU
		{EB0051E3-1DDA-418C-ABAF-C1DA5339114C}.Debug|Any CPU.Build.0 = Debug|Any CPU
		{EB0051E3-1DDA-418C-ABAF-C1DA5339114C}.Debug|x64.ActiveCfg = Debug|Any CPU
		{EB0051E3-1DDA-418C-ABAF-C1DA5339114C}.Debug|x64.Build.0 = Debug|Any CPU
		{EB0051E3-1DDA-418C-ABAF-C1DA5339114C}.Debug|x86.ActiveCfg = Debug|Any CPU
		{EB0051E3-1DDA-418C-ABAF-C1DA5339114C}.Debug|x86.Build.0 = Debug|Any CPU
		{EB0051E3-1DDA-418C-ABAF-C1DA5339114C}.Release|Any CPU.ActiveCfg = Release|Any CPU
		{EB0051E3-1DDA-418C-ABAF-C1DA5339114C}.Release|Any CPU.Build.0 = Release|Any CPU
		{EB0051E3-1DDA-418C-ABAF-C1DA5339114C}.Release|x64.ActiveCfg = Release|Any CPU
		{EB0051E3-1DDA-418C-ABAF-C1DA5339114C}.Release|x64.Build.0 = Release|Any CPU
		{EB0051E3-1DDA-418C-ABAF-C1DA5339114C}.Release|x86.ActiveCfg = Release|Any CPU
		{EB0051E3-1DDA-418C-ABAF-C1DA5339114C}.Release|x86.Build.0 = Release|Any CPU
		{FE58A67C-D313-46FD-B8F3-F80383EE5FD1}.Debug|Any CPU.ActiveCfg = Debug|Any CPU
		{FE58A67C-D313-46FD-B8F3-F80383EE5FD1}.Debug|Any CPU.Build.0 = Debug|Any CPU
		{FE58A67C-D313-46FD-B8F3-F80383EE5FD1}.Debug|x64.ActiveCfg = Debug|Any CPU
		{FE58A67C-D313-46FD-B8F3-F80383EE5FD1}.Debug|x64.Build.0 = Debug|Any CPU
		{FE58A67C-D313-46FD-B8F3-F80383EE5FD1}.Debug|x86.ActiveCfg = Debug|Any CPU
		{FE58A67C-D313-46FD-B8F3-F80383EE5FD1}.Debug|x86.Build.0 = Debug|Any CPU
		{FE58A67C-D313-46FD-B8F3-F80383EE5FD1}.Release|Any CPU.ActiveCfg = Release|Any CPU
		{FE58A67C-D313-46FD-B8F3-F80383EE5FD1}.Release|Any CPU.Build.0 = Release|Any CPU
		{FE58A67C-D313-46FD-B8F3-F80383EE5FD1}.Release|x64.ActiveCfg = Release|Any CPU
		{FE58A67C-D313-46FD-B8F3-F80383EE5FD1}.Release|x64.Build.0 = Release|Any CPU
		{FE58A67C-D313-46FD-B8F3-F80383EE5FD1}.Release|x86.ActiveCfg = Release|Any CPU
		{FE58A67C-D313-46FD-B8F3-F80383EE5FD1}.Release|x86.Build.0 = Release|Any CPU
		{AEF4B552-D8E3-4626-80AE-6713B0B6F4AA}.Debug|Any CPU.ActiveCfg = Debug|Any CPU
		{AEF4B552-D8E3-4626-80AE-6713B0B6F4AA}.Debug|Any CPU.Build.0 = Debug|Any CPU
		{AEF4B552-D8E3-4626-80AE-6713B0B6F4AA}.Debug|x64.ActiveCfg = Debug|Any CPU
		{AEF4B552-D8E3-4626-80AE-6713B0B6F4AA}.Debug|x64.Build.0 = Debug|Any CPU
		{AEF4B552-D8E3-4626-80AE-6713B0B6F4AA}.Debug|x86.ActiveCfg = Debug|Any CPU
		{AEF4B552-D8E3-4626-80AE-6713B0B6F4AA}.Debug|x86.Build.0 = Debug|Any CPU
		{AEF4B552-D8E3-4626-80AE-6713B0B6F4AA}.Release|Any CPU.ActiveCfg = Release|Any CPU
		{AEF4B552-D8E3-4626-80AE-6713B0B6F4AA}.Release|Any CPU.Build.0 = Release|Any CPU
		{AEF4B552-D8E3-4626-80AE-6713B0B6F4AA}.Release|x64.ActiveCfg = Release|Any CPU
		{AEF4B552-D8E3-4626-80AE-6713B0B6F4AA}.Release|x64.Build.0 = Release|Any CPU
		{AEF4B552-D8E3-4626-80AE-6713B0B6F4AA}.Release|x86.ActiveCfg = Release|Any CPU
		{AEF4B552-D8E3-4626-80AE-6713B0B6F4AA}.Release|x86.Build.0 = Release|Any CPU
		{488AE1CE-107D-4F5B-9F1F-ED7905D5CE75}.Debug|Any CPU.ActiveCfg = Debug|Any CPU
		{488AE1CE-107D-4F5B-9F1F-ED7905D5CE75}.Debug|Any CPU.Build.0 = Debug|Any CPU
		{488AE1CE-107D-4F5B-9F1F-ED7905D5CE75}.Debug|x64.ActiveCfg = Debug|Any CPU
		{488AE1CE-107D-4F5B-9F1F-ED7905D5CE75}.Debug|x64.Build.0 = Debug|Any CPU
		{488AE1CE-107D-4F5B-9F1F-ED7905D5CE75}.Debug|x86.ActiveCfg = Debug|Any CPU
		{488AE1CE-107D-4F5B-9F1F-ED7905D5CE75}.Debug|x86.Build.0 = Debug|Any CPU
		{488AE1CE-107D-4F5B-9F1F-ED7905D5CE75}.Release|Any CPU.ActiveCfg = Release|Any CPU
		{488AE1CE-107D-4F5B-9F1F-ED7905D5CE75}.Release|Any CPU.Build.0 = Release|Any CPU
		{488AE1CE-107D-4F5B-9F1F-ED7905D5CE75}.Release|x64.ActiveCfg = Release|Any CPU
		{488AE1CE-107D-4F5B-9F1F-ED7905D5CE75}.Release|x64.Build.0 = Release|Any CPU
		{488AE1CE-107D-4F5B-9F1F-ED7905D5CE75}.Release|x86.ActiveCfg = Release|Any CPU
		{488AE1CE-107D-4F5B-9F1F-ED7905D5CE75}.Release|x86.Build.0 = Release|Any CPU
	EndGlobalSection
	GlobalSection(SolutionProperties) = preSolution
		HideSolutionNode = FALSE
	EndGlobalSection
EndGlobal
